# THIS IS AN AUTOGENERATED FILE. DO NOT EDIT THIS FILE DIRECTLY.
# yarn lockfile v1


"@babel/runtime@^7.1.2":
  version "7.12.5"
  resolved "https://registry.npm.taobao.org/@babel/runtime/download/@babel/runtime-7.12.5.tgz#410e7e487441e1b360c29be715d870d9b985882e"
  integrity sha1-QQ5+SHRB4bNgwpvnFdhw2bmFiC4=
  dependencies:
    regenerator-runtime "^0.13.4"

classnames@^2.2.5:
  version "2.2.6"
  resolved "https://registry.npm.taobao.org/classnames/download/classnames-2.2.6.tgz#43935bffdd291f326dad0a205309b38d00f650ce"
  integrity sha1-Q5Nb/90pHzJtrQogUwmzjQD2UM4=

css-unit-converter@^1.1.1:
  version "1.1.2"
  resolved "https://registry.npm.taobao.org/css-unit-converter/download/css-unit-converter-1.1.2.tgz#4c77f5a1954e6dbff60695ecb214e3270436ab21"
  integrity sha1-THf1oZVObb/2BpXsshTjJwQ2qyE=

d3-array@^2.3.0:
  version "2.11.0"
  resolved "https://registry.npm.taobao.org/d3-array/download/d3-array-2.11.0.tgz?cache=0&sync_timestamp=1611532415265&other_urls=https%3A%2F%2Fregistry.npm.taobao.org%2Fd3-array%2Fdownload%2Fd3-array-2.11.0.tgz#5ed6a2869bc7d471aec8df9ff6ed9fef798facc4"
  integrity sha1-XtaihpvH1HGuyN+f9u2f73mPrMQ=
  dependencies:
    internmap "^1.0.0"

"d3-color@1 - 2":
  version "2.0.0"
  resolved "https://registry.npm.taobao.org/d3-color/download/d3-color-2.0.0.tgz#8d625cab42ed9b8f601a1760a389f7ea9189d62e"
  integrity sha1-jWJcq0Ltm49gGhdgo4n36pGJ1i4=

"d3-format@1 - 2":
  version "2.0.0"
  resolved "https://registry.npm.taobao.org/d3-format/download/d3-format-2.0.0.tgz#a10bcc0f986c372b729ba447382413aabf5b0767"
  integrity sha1-oQvMD5hsNytym6RHOCQTqr9bB2c=

"d3-interpolate@1.2.0 - 2", d3-interpolate@^2.0.1:
  version "2.0.1"
  resolved "https://registry.npm.taobao.org/d3-interpolate/download/d3-interpolate-2.0.1.tgz?cache=0&sync_timestamp=1598193842038&other_urls=https%3A%2F%2Fregistry.npm.taobao.org%2Fd3-interpolate%2Fdownload%2Fd3-interpolate-2.0.1.tgz#98be499cfb8a3b94d4ff616900501a64abc91163"
  integrity sha1-mL5JnPuKO5TU/2FpAFAaZKvJEWM=
  dependencies:
    d3-color "1 - 2"

"d3-path@1 - 2":
  version "2.0.0"
  resolved "https://registry.npm.taobao.org/d3-path/download/d3-path-2.0.0.tgz?cache=0&sync_timestamp=1597836945155&other_urls=https%3A%2F%2Fregistry.npm.taobao.org%2Fd3-path%2Fdownload%2Fd3-path-2.0.0.tgz#55d86ac131a0548adae241eebfb56b4582dd09d8"
  integrity sha1-VdhqwTGgVIra4kHuv7VrRYLdCdg=

d3-scale@^3.2.3:
  version "3.2.3"
  resolved "https://registry.npm.taobao.org/d3-scale/download/d3-scale-3.2.3.tgz?cache=0&sync_timestamp=1600878018750&other_urls=https%3A%2F%2Fregistry.npm.taobao.org%2Fd3-scale%2Fdownload%2Fd3-scale-3.2.3.tgz#be380f57f1f61d4ff2e6cbb65a40593a51649cfd"
  integrity sha1-vjgPV/H2HU/y5su2WkBZOlFknP0=
  dependencies:
    d3-array "^2.3.0"
    d3-format "1 - 2"
    d3-interpolate "1.2.0 - 2"
    d3-time "1 - 2"
    d3-time-format "2 - 3"

d3-shape@^2.0.0:
  version "2.0.0"
  resolved "https://registry.npm.taobao.org/d3-shape/download/d3-shape-2.0.0.tgz#2331b62fa784a2a1daac47a7233cfd69301381fd"
  integrity sha1-IzG2L6eEoqHarEenIzz9aTATgf0=
  dependencies:
    d3-path "1 - 2"

"d3-time-format@2 - 3":
  version "3.0.0"
  resolved "https://registry.npm.taobao.org/d3-time-format/download/d3-time-format-3.0.0.tgz#df8056c83659e01f20ac5da5fdeae7c08d5f1bb6"
  integrity sha1-34BWyDZZ4B8grF2l/ernwI1fG7Y=
  dependencies:
    d3-time "1 - 2"

"d3-time@1 - 2":
  version "2.0.0"
  resolved "https://registry.npm.taobao.org/d3-time/download/d3-time-2.0.0.tgz#ad7c127d17c67bd57a4c61f3eaecb81108b1e0ab"
  integrity sha1-rXwSfRfGe9V6TGHz6uy4EQix4Ks=

decimal.js-light@^2.4.1:
  version "2.5.1"
  resolved "https://registry.npm.taobao.org/decimal.js-light/download/decimal.js-light-2.5.1.tgz#134fd32508f19e208f4fb2f8dac0d2626a867934"
  integrity sha1-E0/TJQjxniCPT7L42sDSYmqGeTQ=

dom-helpers@^3.4.0:
  version "3.4.0"
  resolved "https://registry.npm.taobao.org/dom-helpers/download/dom-helpers-3.4.0.tgz#e9b369700f959f62ecde5a6babde4bccd9169af8"
  integrity sha1-6bNpcA+Vn2Ls3lprq95LzNkWmvg=
  dependencies:
    "@babel/runtime" "^7.1.2"

eventemitter3@^4.0.1:
  version "4.0.7"
  resolved "https://registry.npm.taobao.org/eventemitter3/download/eventemitter3-4.0.7.tgz?cache=0&sync_timestamp=1598517819668&other_urls=https%3A%2F%2Fregistry.npm.taobao.org%2Feventemitter3%2Fdownload%2Feventemitter3-4.0.7.tgz#2de9b68f6528d5644ef5c59526a1b4a07306169f"
  integrity sha1-Lem2j2Uo1WRO9cWVJqG0oHMGFp8=

internmap@^1.0.0:
  version "1.0.0"
  resolved "https://registry.npm.taobao.org/internmap/download/internmap-1.0.0.tgz#3c6bf0944b0eae457698000412108752bbfddb56"
  integrity sha1-PGvwlEsOrkV2mAAEEhCHUrv921Y=

"js-tokens@^3.0.0 || ^4.0.0":
  version "4.0.0"
  resolved "https://registry.npm.taobao.org/js-tokens/download/js-tokens-4.0.0.tgz#19203fb59991df98e3a287050d4647cdeaf32499"
  integrity sha1-GSA/tZmR35jjoocFDUZHzerzJJk=

lodash@^4.17.19, lodash@^4.17.20, lodash@~4.17.4:
  version "4.17.20"
  resolved "https://registry.npm.taobao.org/lodash/download/lodash-4.17.20.tgz?cache=0&sync_timestamp=1597336125847&other_urls=https%3A%2F%2Fregistry.npm.taobao.org%2Flodash%2Fdownload%2Flodash-4.17.20.tgz#b44a9b6297bcb698f1c51a3545a2b3b368d59c52"
  integrity sha1-tEqbYpe8tpjxxRo1RaKzs2jVnFI=

loose-envify@^1.4.0:
  version "1.4.0"
  resolved "https://registry.npm.taobao.org/loose-envify/download/loose-envify-1.4.0.tgz#71ee51fa7be4caec1a63839f7e682d8132d30caf"
  integrity sha1-ce5R+nvkyuwaY4OffmgtgTLTDK8=
  dependencies:
    js-tokens "^3.0.0 || ^4.0.0"

object-assign@^4.1.1:
  version "4.1.1"
  resolved "https://registry.npm.taobao.org/object-assign/download/object-assign-4.1.1.tgz#2109adc7965887cfc05cbbd442cac8bfbb360863"
  integrity sha1-IQmtx5ZYh8/AXLvUQsrIv7s2CGM=

performance-now@^2.1.0:
  version "2.1.0"
  resolved "https://registry.npm.taobao.org/performance-now/download/performance-now-2.1.0.tgz#6309f4e0e5fa913ec1c69307ae364b4b377c9e7b"
  integrity sha1-Ywn04OX6kT7BxpMHrjZLSzd8nns=

postcss-value-parser@^3.3.0:
  version "3.3.1"
  resolved "https://registry.npm.taobao.org/postcss-value-parser/download/postcss-value-parser-3.3.1.tgz#9ff822547e2893213cf1c30efa51ac5fd1ba8281"
  integrity sha1-n/giVH4okyE88cMO+lGsX9G6goE=

prop-types@^15.6.0, prop-types@^15.6.2, prop-types@^15.7.2:
  version "15.7.2"
  resolved "https://registry.npm.taobao.org/prop-types/download/prop-types-15.7.2.tgz#52c41e75b8c87e72b9d9360e0206b99dcbffa6c5"
  integrity sha1-UsQedbjIfnK52TYOAga5ncv/psU=
  dependencies:
    loose-envify "^1.4.0"
    object-assign "^4.1.1"
    react-is "^16.8.1"

raf-schd@^4.0.2:
  version "4.0.2"
  resolved "https://registry.npm.taobao.org/raf-schd/download/raf-schd-4.0.2.tgz#bd44c708188f2e84c810bf55fcea9231bcaed8a0"
  integrity sha1-vUTHCBiPLoTIEL9V/OqSMbyu2KA=

raf@^3.4.0:
  version "3.4.1"
  resolved "https://registry.npm.taobao.org/raf/download/raf-3.4.1.tgz#0742e99a4a6552f445d73e3ee0328af0ff1ede39"
  integrity sha1-B0LpmkplUvRF1z4+4DKK8P8e3jk=
  dependencies:
    performance-now "^2.1.0"

react-is@^16.8.1:
  version "16.13.1"
  resolved "https://registry.npm.taobao.org/react-is/download/react-is-16.13.1.tgz?cache=0&sync_timestamp=1610380979729&other_urls=https%3A%2F%2Fregistry.npm.taobao.org%2Freact-is%2Fdownload%2Freact-is-16.13.1.tgz#789729a4dc36de2999dc156dd6c1d9c18cea56a4"
  integrity sha1-eJcppNw23imZ3BVt1sHZwYzqVqQ=

react-lifecycles-compat@^3.0.4:
  version "3.0.4"
  resolved "https://registry.npm.taobao.org/react-lifecycles-compat/download/react-lifecycles-compat-3.0.4.tgz#4f1a273afdfc8f3488a8c516bfda78f872352362"
  integrity sha1-TxonOv38jzSIqMUWv9p4+HI1I2I=

react-resize-detector@^5.2.0:
  version "5.2.0"
  resolved "https://registry.npm.taobao.org/react-resize-detector/download/react-resize-detector-5.2.0.tgz#992083834432308c551a8251a2c52306d9d16718"
  integrity sha1-mSCDg0QyMIxVGoJRosUjBtnRZxg=
  dependencies:
    lodash "^4.17.20"
    prop-types "^15.7.2"
    raf-schd "^4.0.2"
    resize-observer-polyfill "^1.5.1"

react-smooth@^1.0.6:
  version "1.0.6"
  resolved "https://registry.npm.taobao.org/react-smooth/download/react-smooth-1.0.6.tgz#18b964f123f7bca099e078324338cd8739346d0a"
  integrity sha1-GLlk8SP3vKCZ4HgyQzjNhzk0bQo=
  dependencies:
    lodash "~4.17.4"
    prop-types "^15.6.0"
    raf "^3.4.0"
    react-transition-group "^2.5.0"

react-transition-group@^2.5.0:
  version "2.9.0"
  resolved "https://registry.npm.taobao.org/react-transition-group/download/react-transition-group-2.9.0.tgz?cache=0&other_urls=https%3A%2F%2Fregistry.npm.taobao.org%2Freact-transition-group%2Fdownload%2Freact-transition-group-2.9.0.tgz#df9cdb025796211151a436c69a8f3b97b5b07c8d"
  integrity sha1-35zbAleWIRFRpDbGmo87l7WwfI0=
  dependencies:
    dom-helpers "^3.4.0"
    loose-envify "^1.4.0"
    prop-types "^15.6.2"
    react-lifecycles-compat "^3.0.4"

recharts-scale@^0.4.2:
  version "0.4.3"
  resolved "https://registry.npm.taobao.org/recharts-scale/download/recharts-scale-0.4.3.tgz#040b4f638ed687a530357292ecac880578384b59"
  integrity sha1-BAtPY47Wh6UwNXKS7KyIBXg4S1k=
  dependencies:
    decimal.js-light "^2.4.1"

recharts@^2.0.3:
  version "2.0.3"
  resolved "https://registry.npm.taobao.org/recharts/download/recharts-2.0.3.tgz?cache=0&sync_timestamp=1610538564037&other_urls=https%3A%2F%2Fregistry.npm.taobao.org%2Frecharts%2Fdownload%2Frecharts-2.0.3.tgz#70e4e60c3f032e73bf45589509fafcde23117349"
  integrity sha1-cOTmDD8DLnO/RViVCfr83iMRc0k=
  dependencies:
    classnames "^2.2.5"
    d3-interpolate "^2.0.1"
    d3-scale "^3.2.3"
    d3-shape "^2.0.0"
    eventemitter3 "^4.0.1"
    lodash "^4.17.19"
    react-resize-detector "^5.2.0"
    react-smooth "^1.0.6"
    recharts-scale "^0.4.2"
    reduce-css-calc "^2.1.7"

reduce-css-calc@^2.1.7:
  version "2.1.8"
  resolved "https://registry.npm.taobao.org/reduce-css-calc/download/reduce-css-calc-2.1.8.tgz?cache=0&other_urls=https%3A%2F%2Fregistry.npm.taobao.org%2Freduce-css-calc%2Fdownload%2Freduce-css-calc-2.1.8.tgz#7ef8761a28d614980dc0c982f772c93f7a99de03"
  integrity sha1-fvh2GijWFJgNwMmC93LJP3qZ3gM=
  dependencies:
    css-unit-converter "^1.1.1"
    postcss-value-parser "^3.3.0"

regenerator-runtime@^0.13.4:
  version "0.13.7"
  resolved "https://registry.npm.taobao.org/regenerator-runtime/download/regenerator-runtime-0.13.7.tgz#cac2dacc8a1ea675feaabaeb8ae833898ae46f55"
  integrity sha1-ysLazIoepnX+qrrriugziYrkb1U=

resize-observer-polyfill@^1.5.1:
  version "1.5.1"
  resolved "https://registry.npm.taobao.org/resize-observer-polyfill/download/resize-observer-polyfill-1.5.1.tgz#0e9020dd3d21024458d4ebd27e23e40269810464"
  integrity sha1-DpAg3T0hAkRY1OvSfiPkAmmBBGQ=
