# THIS IS AN AUTOGENERATED FILE. DO NOT EDIT THIS FILE DIRECTLY.
# yarn lockfile v1


"@babel/runtime@^7.13.6", "@babel/runtime@^7.3.1", "@babel/runtime@^7.4.4", "@babel/runtime@^7.5.5", "@babel/runtime@^7.8.3", "@babel/runtime@^7.8.7":
  version "7.13.10"
  resolved "https://registry.npm.taobao.org/@babel/runtime/download/@babel/runtime-7.13.10.tgz?cache=0&sync_timestamp=1615243284383&other_urls=https%3A%2F%2Fregistry.npm.taobao.org%2F%40babel%2Fruntime%2Fdownload%2F%40babel%2Fruntime-7.13.10.tgz#47d42a57b6095f4468da440388fdbad8bebf0d7d"
  integrity sha1-R9QqV7YJX0Ro2kQDiP262L6/DX0=
  dependencies:
    regenerator-runtime "^0.13.4"

"@emotion/hash@^0.8.0":
  version "0.8.0"
  resolved "https://registry.npm.taobao.org/@emotion/hash/download/@emotion/hash-0.8.0.tgz#bbbff68978fefdbe68ccb533bc8cbe1d1afb5413"
  integrity sha1-u7/2iXj+/b5ozLUzvIy+HRr7VBM=

"@material-ui/core@^4.11.3":
  version "4.11.3"
  resolved "https://registry.npm.taobao.org/@material-ui/core/download/@material-ui/core-4.11.3.tgz?cache=0&sync_timestamp=1618222140161&other_urls=https%3A%2F%2Fregistry.npm.taobao.org%2F%40material-ui%2Fcore%2Fdownload%2F%40material-ui%2Fcore-4.11.3.tgz#f22e41775b0bd075e36a7a093d43951bf7f63850"
  integrity sha1-8i5Bd1sL0HXjanoJPUOVG/f2OFA=
  dependencies:
    "@babel/runtime" "^7.4.4"
    "@material-ui/styles" "^4.11.3"
    "@material-ui/system" "^4.11.3"
    "@material-ui/types" "^5.1.0"
    "@material-ui/utils" "^4.11.2"
    "@types/react-transition-group" "^4.2.0"
    clsx "^1.0.4"
    hoist-non-react-statics "^3.3.2"
    popper.js "1.16.1-lts"
    prop-types "^15.7.2"
    react-is "^16.8.0 || ^17.0.0"
    react-transition-group "^4.4.0"

"@material-ui/styles@^4.11.3":
  version "4.11.3"
  resolved "https://registry.npm.taobao.org/@material-ui/styles/download/@material-ui/styles-4.11.3.tgz#1b8d97775a4a643b53478c895e3f2a464e8916f2"
  integrity sha1-G42Xd1pKZDtTR4yJXj8qRk6JFvI=
  dependencies:
    "@babel/runtime" "^7.4.4"
    "@emotion/hash" "^0.8.0"
    "@material-ui/types" "^5.1.0"
    "@material-ui/utils" "^4.11.2"
    clsx "^1.0.4"
    csstype "^2.5.2"
    hoist-non-react-statics "^3.3.2"
    jss "^10.5.1"
    jss-plugin-camel-case "^10.5.1"
    jss-plugin-default-unit "^10.5.1"
    jss-plugin-global "^10.5.1"
    jss-plugin-nested "^10.5.1"
    jss-plugin-props-sort "^10.5.1"
    jss-plugin-rule-value-function "^10.5.1"
    jss-plugin-vendor-prefixer "^10.5.1"
    prop-types "^15.7.2"

"@material-ui/system@^4.11.3":
  version "4.11.3"
  resolved "https://registry.npm.taobao.org/@material-ui/system/download/@material-ui/system-4.11.3.tgz#466bc14c9986798fd325665927c963eb47cc4143"
  integrity sha1-RmvBTJmGeY/TJWZZJ8lj60fMQUM=
  dependencies:
    "@babel/runtime" "^7.4.4"
    "@material-ui/utils" "^4.11.2"
    csstype "^2.5.2"
    prop-types "^15.7.2"

"@material-ui/types@^5.1.0":
  version "5.1.0"
  resolved "https://registry.npm.taobao.org/@material-ui/types/download/@material-ui/types-5.1.0.tgz#efa1c7a0b0eaa4c7c87ac0390445f0f88b0d88f2"
  integrity sha1-76HHoLDqpMfIesA5BEXw+IsNiPI=

"@material-ui/utils@^4.11.2":
  version "4.11.2"
  resolved "https://registry.npm.taobao.org/@material-ui/utils/download/@material-ui/utils-4.11.2.tgz#f1aefa7e7dff2ebcb97d31de51aecab1bb57540a"
  integrity sha1-8a76fn3/Lry5fTHeUa7KsbtXVAo=
  dependencies:
    "@babel/runtime" "^7.4.4"
    prop-types "^15.7.2"
    react-is "^16.8.0 || ^17.0.0"

"@types/http-proxy@^1.17.5":
  version "1.17.5"
  resolved "https://registry.npm.taobao.org/@types/http-proxy/download/@types/http-proxy-1.17.5.tgz#c203c5e6e9dc6820d27a40eb1e511c70a220423d"
  integrity sha1-wgPF5uncaCDSekDrHlEccKIgQj0=
  dependencies:
    "@types/node" "*"

"@types/node@*":
  version "14.14.37"
  resolved "https://registry.npm.taobao.org/@types/node/download/@types/node-14.14.37.tgz?cache=0&sync_timestamp=1616803552865&other_urls=https%3A%2F%2Fregistry.npm.taobao.org%2F%40types%2Fnode%2Fdownload%2F%40types%2Fnode-14.14.37.tgz#a3dd8da4eb84a996c36e331df98d82abd76b516e"
  integrity sha1-o92NpOuEqZbDbjMd+Y2Cq9drUW4=

"@types/prop-types@*":
  version "15.7.3"
  resolved "https://registry.npm.taobao.org/@types/prop-types/download/@types/prop-types-15.7.3.tgz?cache=0&sync_timestamp=1613379633472&other_urls=https%3A%2F%2Fregistry.npm.taobao.org%2F%40types%2Fprop-types%2Fdownload%2F%40types%2Fprop-types-15.7.3.tgz#2ab0d5da2e5815f94b0b9d4b95d1e5f243ab2ca7"
  integrity sha1-KrDV2i5YFflLC51LldHl8kOrLKc=

"@types/react-transition-group@^4.2.0":
  version "4.4.1"
  resolved "https://registry.npm.taobao.org/@types/react-transition-group/download/@types/react-transition-group-4.4.1.tgz#e1a3cb278df7f47f17b5082b1b3da17170bd44b1"
  integrity sha1-4aPLJ4339H8XtQgrGz2hcXC9RLE=
  dependencies:
    "@types/react" "*"

"@types/react@*":
  version "17.0.3"
  resolved "https://registry.npm.taobao.org/@types/react/download/@types/react-17.0.3.tgz#ba6e215368501ac3826951eef2904574c262cc79"
  integrity sha1-um4hU2hQGsOCaVHu8pBFdMJizHk=
  dependencies:
    "@types/prop-types" "*"
    "@types/scheduler" "*"
    csstype "^3.0.2"

"@types/scheduler@*":
  version "0.16.1"
  resolved "https://registry.npm.taobao.org/@types/scheduler/download/@types/scheduler-0.16.1.tgz?cache=0&sync_timestamp=1613384878076&other_urls=https%3A%2F%2Fregistry.npm.taobao.org%2F%40types%2Fscheduler%2Fdownload%2F%40types%2Fscheduler-0.16.1.tgz#18845205e86ff0038517aab7a18a62a6b9f71275"
  integrity sha1-GIRSBehv8AOFF6q3oYpiprn3EnU=

braces@^3.0.1:
  version "3.0.2"
  resolved "https://registry.npm.taobao.org/braces/download/braces-3.0.2.tgz#3454e1a462ee8d599e236df336cd9ea4f8afe107"
  integrity sha1-NFThpGLujVmeI23zNs2epPiv4Qc=
  dependencies:
    fill-range "^7.0.1"

clsx@^1.0.4, clsx@^1.1.1:
  version "1.1.1"
  resolved "https://registry.npm.taobao.org/clsx/download/clsx-1.1.1.tgz#98b3134f9abbdf23b2663491ace13c5c03a73188"
  integrity sha1-mLMTT5q73yOyZjSRrOE8XAOnMYg=

css-vendor@^2.0.8:
  version "2.0.8"
  resolved "https://registry.npm.taobao.org/css-vendor/download/css-vendor-2.0.8.tgz#e47f91d3bd3117d49180a3c935e62e3d9f7f449d"
  integrity sha1-5H+R070xF9SRgKPJNeYuPZ9/RJ0=
  dependencies:
    "@babel/runtime" "^7.8.3"
    is-in-browser "^1.0.2"

csstype@^2.5.2:
  version "2.6.16"
  resolved "https://registry.npm.taobao.org/csstype/download/csstype-2.6.16.tgz#544d69f547013b85a40d15bff75db38f34fe9c39"
  integrity sha1-VE1p9UcBO4WkDRW/912zjzT+nDk=

csstype@^3.0.2:
  version "3.0.7"
  resolved "https://registry.npm.taobao.org/csstype/download/csstype-3.0.7.tgz#2a5fb75e1015e84dd15692f71e89a1450290950b"
  integrity sha1-Kl+3XhAV6E3RVpL3HomhRQKQlQs=

dom-helpers@^5.0.1:
  version "5.2.0"
  resolved "https://registry.npm.taobao.org/dom-helpers/download/dom-helpers-5.2.0.tgz#57fd054c5f8f34c52a3eeffdb7e7e93cd357d95b"
  integrity sha1-V/0FTF+PNMUqPu/9t+fpPNNX2Vs=
  dependencies:
    "@babel/runtime" "^7.8.7"
    csstype "^3.0.2"

eventemitter3@^4.0.0:
  version "4.0.7"
  resolved "https://registry.npm.taobao.org/eventemitter3/download/eventemitter3-4.0.7.tgz?cache=0&sync_timestamp=1598517819668&other_urls=https%3A%2F%2Fregistry.npm.taobao.org%2Feventemitter3%2Fdownload%2Feventemitter3-4.0.7.tgz#2de9b68f6528d5644ef5c59526a1b4a07306169f"
  integrity sha1-Lem2j2Uo1WRO9cWVJqG0oHMGFp8=

fill-range@^7.0.1:
  version "7.0.1"
  resolved "https://registry.npm.taobao.org/fill-range/download/fill-range-7.0.1.tgz#1919a6a7c75fe38b2c7c77e5198535da9acdda40"
  integrity sha1-GRmmp8df44ssfHflGYU12prN2kA=
  dependencies:
    to-regex-range "^5.0.1"

follow-redirects@^1.0.0:
  version "1.13.3"
  resolved "https://registry.npm.taobao.org/follow-redirects/download/follow-redirects-1.13.3.tgz?cache=0&sync_timestamp=1614436920073&other_urls=https%3A%2F%2Fregistry.npm.taobao.org%2Ffollow-redirects%2Fdownload%2Ffollow-redirects-1.13.3.tgz#e5598ad50174c1bc4e872301e82ac2cd97f90267"
  integrity sha1-5VmK1QF0wbxOhyMB6CrCzZf5Amc=

hoist-non-react-statics@^3.3.2:
  version "3.3.2"
  resolved "https://registry.npm.taobao.org/hoist-non-react-statics/download/hoist-non-react-statics-3.3.2.tgz?cache=0&sync_timestamp=1596721617088&other_urls=https%3A%2F%2Fregistry.npm.taobao.org%2Fhoist-non-react-statics%2Fdownload%2Fhoist-non-react-statics-3.3.2.tgz#ece0acaf71d62c2969c2ec59feff42a4b1a85b45"
  integrity sha1-7OCsr3HWLClpwuxZ/v9CpLGoW0U=
  dependencies:
    react-is "^16.7.0"

html-parse-stringify@^3.0.0:
  version "3.0.0"
  resolved "https://registry.npm.taobao.org/html-parse-stringify/download/html-parse-stringify-3.0.0.tgz#28f10753e190af211d2c3c9a1191a4502e112c96"
  integrity sha1-KPEHU+GQryEdLDyaEZGkUC4RLJY=
  dependencies:
    void-elements "3.1.0"

http-proxy-middleware@^1.1.1:
  version "1.1.1"
  resolved "https://registry.npm.taobao.org/http-proxy-middleware/download/http-proxy-middleware-1.1.1.tgz#48900a68cd9d388c735d1dd97302c919b7e94a13"
  integrity sha1-SJAKaM2dOIxzXR3ZcwLJGbfpShM=
  dependencies:
    "@types/http-proxy" "^1.17.5"
    http-proxy "^1.18.1"
    is-glob "^4.0.1"
    is-plain-obj "^3.0.0"
    micromatch "^4.0.2"

http-proxy@^1.18.1:
  version "1.18.1"
  resolved "https://registry.npm.taobao.org/http-proxy/download/http-proxy-1.18.1.tgz#401541f0534884bbf95260334e72f88ee3976549"
  integrity sha1-QBVB8FNIhLv5UmAzTnL4juOXZUk=
  dependencies:
    eventemitter3 "^4.0.0"
    follow-redirects "^1.0.0"
    requires-port "^1.0.0"

hyphenate-style-name@^1.0.3:
  version "1.0.4"
  resolved "https://registry.npm.taobao.org/hyphenate-style-name/download/hyphenate-style-name-1.0.4.tgz#691879af8e220aea5750e8827db4ef62a54e361d"
  integrity sha1-aRh5r44iCupXUOiCfbTvYqVONh0=

indefinite-observable@^2.0.1:
  version "2.0.1"
  resolved "https://registry.npm.taobao.org/indefinite-observable/download/indefinite-observable-2.0.1.tgz#574af29bfbc17eb5947793797bddc94c9d859400"
  integrity sha1-V0rym/vBfrWUd5N5e93JTJ2FlAA=
  dependencies:
    symbol-observable "1.2.0"

is-extglob@^2.1.1:
  version "2.1.1"
  resolved "https://registry.npm.taobao.org/is-extglob/download/is-extglob-2.1.1.tgz#a88c02535791f02ed37c76a1b9ea9773c833f8c2"
  integrity sha1-qIwCU1eR8C7TfHahueqXc8gz+MI=

is-glob@^4.0.1:
  version "4.0.1"
  resolved "https://registry.npm.taobao.org/is-glob/download/is-glob-4.0.1.tgz#7567dbe9f2f5e2467bc77ab83c4a29482407a5dc"
  integrity sha1-dWfb6fL14kZ7x3q4PEopSCQHpdw=
  dependencies:
    is-extglob "^2.1.1"

is-in-browser@^1.0.2, is-in-browser@^1.1.3:
  version "1.1.3"
  resolved "https://registry.npm.taobao.org/is-in-browser/download/is-in-browser-1.1.3.tgz#56ff4db683a078c6082eb95dad7dc62e1d04f835"
  integrity sha1-Vv9NtoOgeMYILrldrX3GLh0E+DU=

is-number@^7.0.0:
  version "7.0.0"
  resolved "https://registry.npm.taobao.org/is-number/download/is-number-7.0.0.tgz#7535345b896734d5f80c4d06c50955527a14f12b"
  integrity sha1-dTU0W4lnNNX4DE0GxQlVUnoU8Ss=

is-plain-obj@^3.0.0:
  version "3.0.0"
  resolved "https://registry.npm.taobao.org/is-plain-obj/download/is-plain-obj-3.0.0.tgz#af6f2ea14ac5a646183a5bbdb5baabbc156ad9d7"
  integrity sha1-r28uoUrFpkYYOlu9tbqrvBVq2dc=

"js-tokens@^3.0.0 || ^4.0.0":
  version "4.0.0"
  resolved "https://registry.npm.taobao.org/js-tokens/download/js-tokens-4.0.0.tgz#19203fb59991df98e3a287050d4647cdeaf32499"
  integrity sha1-GSA/tZmR35jjoocFDUZHzerzJJk=

jss-plugin-camel-case@^10.5.1:
  version "10.6.0"
  resolved "https://registry.npm.taobao.org/jss-plugin-camel-case/download/jss-plugin-camel-case-10.6.0.tgz?cache=0&sync_timestamp=1615713806264&other_urls=https%3A%2F%2Fregistry.npm.taobao.org%2Fjss-plugin-camel-case%2Fdownload%2Fjss-plugin-camel-case-10.6.0.tgz#93d2cd704bf0c4af70cc40fb52d74b8a2554b170"
  integrity sha1-k9LNcEvwxK9wzED7UtdLiiVUsXA=
  dependencies:
    "@babel/runtime" "^7.3.1"
    hyphenate-style-name "^1.0.3"
    jss "10.6.0"

jss-plugin-default-unit@^10.5.1:
  version "10.6.0"
  resolved "https://registry.npm.taobao.org/jss-plugin-default-unit/download/jss-plugin-default-unit-10.6.0.tgz?cache=0&sync_timestamp=1615713807538&other_urls=https%3A%2F%2Fregistry.npm.taobao.org%2Fjss-plugin-default-unit%2Fdownload%2Fjss-plugin-default-unit-10.6.0.tgz#af47972486819b375f0f3a9e0213403a84b5ef3b"
  integrity sha1-r0eXJIaBmzdfDzqeAhNAOoS17zs=
  dependencies:
    "@babel/runtime" "^7.3.1"
    jss "10.6.0"

jss-plugin-global@^10.5.1:
  version "10.6.0"
  resolved "https://registry.npm.taobao.org/jss-plugin-global/download/jss-plugin-global-10.6.0.tgz#3e8011f760f399cbadcca7f10a485b729c50e3ed"
  integrity sha1-PoAR92DzmcutzKfxCkhbcpxQ4+0=
  dependencies:
    "@babel/runtime" "^7.3.1"
    jss "10.6.0"

jss-plugin-nested@^10.5.1:
  version "10.6.0"
  resolved "https://registry.npm.taobao.org/jss-plugin-nested/download/jss-plugin-nested-10.6.0.tgz#5f83c5c337d3b38004834e8426957715a0251641"
  integrity sha1-X4PFwzfTs4AEg06EJpV3FaAlFkE=
  dependencies:
    "@babel/runtime" "^7.3.1"
    jss "10.6.0"
    tiny-warning "^1.0.2"

jss-plugin-props-sort@^10.5.1:
  version "10.6.0"
  resolved "https://registry.npm.taobao.org/jss-plugin-props-sort/download/jss-plugin-props-sort-10.6.0.tgz#297879f35f9fe21196448579fee37bcde28ce6bc"
  integrity sha1-KXh581+f4hGWRIV5/uN7zeKM5rw=
  dependencies:
    "@babel/runtime" "^7.3.1"
    jss "10.6.0"

jss-plugin-rule-value-function@^10.5.1:
  version "10.6.0"
  resolved "https://registry.npm.taobao.org/jss-plugin-rule-value-function/download/jss-plugin-rule-value-function-10.6.0.tgz#3c1a557236a139d0151e70a82c810ccce1c1c5ea"
  integrity sha1-PBpVcjahOdAVHnCoLIEMzOHBxeo=
  dependencies:
    "@babel/runtime" "^7.3.1"
    jss "10.6.0"
    tiny-warning "^1.0.2"

jss-plugin-vendor-prefixer@^10.5.1:
  version "10.6.0"
  resolved "https://registry.npm.taobao.org/jss-plugin-vendor-prefixer/download/jss-plugin-vendor-prefixer-10.6.0.tgz#e1fcd499352846890c38085b11dbd7aa1c4f2c78"
  integrity sha1-4fzUmTUoRokMOAhbEdvXqhxPLHg=
  dependencies:
    "@babel/runtime" "^7.3.1"
    css-vendor "^2.0.8"
    jss "10.6.0"

jss@10.6.0, jss@^10.5.1:
  version "10.6.0"
  resolved "https://registry.npm.taobao.org/jss/download/jss-10.6.0.tgz?cache=0&sync_timestamp=1615713803979&other_urls=https%3A%2F%2Fregistry.npm.taobao.org%2Fjss%2Fdownload%2Fjss-10.6.0.tgz#d92ff9d0f214f65ca1718591b68e107be4774149"
  integrity sha1-2S/50PIU9lyhcYWRto4Qe+R3QUk=
  dependencies:
    "@babel/runtime" "^7.3.1"
    csstype "^3.0.2"
    indefinite-observable "^2.0.1"
    is-in-browser "^1.1.3"
    tiny-warning "^1.0.2"

loose-envify@^1.1.0, loose-envify@^1.4.0:
  version "1.4.0"
  resolved "https://registry.npm.taobao.org/loose-envify/download/loose-envify-1.4.0.tgz#71ee51fa7be4caec1a63839f7e682d8132d30caf"
  integrity sha1-ce5R+nvkyuwaY4OffmgtgTLTDK8=
  dependencies:
    js-tokens "^3.0.0 || ^4.0.0"

micromatch@^4.0.2:
  version "4.0.4"
  resolved "https://registry.npm.taobao.org/micromatch/download/micromatch-4.0.4.tgz?cache=0&sync_timestamp=1618054787196&other_urls=https%3A%2F%2Fregistry.npm.taobao.org%2Fmicromatch%2Fdownload%2Fmicromatch-4.0.4.tgz#896d519dfe9db25fce94ceb7a500919bf881ebf9"
  integrity sha1-iW1Rnf6dsl/OlM63pQCRm/iB6/k=
  dependencies:
    braces "^3.0.1"
    picomatch "^2.2.3"

object-assign@^4.1.1:
  version "4.1.1"
  resolved "https://registry.npm.taobao.org/object-assign/download/object-assign-4.1.1.tgz#2109adc7965887cfc05cbbd442cac8bfbb360863"
  integrity sha1-IQmtx5ZYh8/AXLvUQsrIv7s2CGM=

picomatch@^2.2.3:
  version "2.2.3"
  resolved "https://registry.npm.taobao.org/picomatch/download/picomatch-2.2.3.tgz?cache=0&sync_timestamp=1618049925917&other_urls=https%3A%2F%2Fregistry.npm.taobao.org%2Fpicomatch%2Fdownload%2Fpicomatch-2.2.3.tgz#465547f359ccc206d3c48e46a1bcb89bf7ee619d"
  integrity sha1-RlVH81nMwgbTxI5Goby4m/fuYZ0=

popper.js@1.16.1-lts:
  version "1.16.1-lts"
  resolved "https://registry.npm.taobao.org/popper.js/download/popper.js-1.16.1-lts.tgz#cf6847b807da3799d80ee3d6d2f90df8a3f50b05"
  integrity sha1-z2hHuAfaN5nYDuPW0vkN+KP1CwU=

prop-types@^15.6.2, prop-types@^15.7.2:
  version "15.7.2"
  resolved "https://registry.npm.taobao.org/prop-types/download/prop-types-15.7.2.tgz#52c41e75b8c87e72b9d9360e0206b99dcbffa6c5"
  integrity sha1-UsQedbjIfnK52TYOAga5ncv/psU=
  dependencies:
    loose-envify "^1.4.0"
    object-assign "^4.1.1"
    react-is "^16.8.1"

react-i18next@^11.8.13:
  version "11.8.13"
  resolved "https://registry.npm.taobao.org/react-i18next/download/react-i18next-11.8.13.tgz#9560376f8655b9aaa04f685da8eca0b032034ff9"
  integrity sha1-lWA3b4ZVuaqgT2hdqOygsDIDT/k=
  dependencies:
    "@babel/runtime" "^7.13.6"
    html-parse-stringify "^3.0.0"

react-is@^16.7.0, react-is@^16.8.1:
  version "16.13.1"
  resolved "https://registry.npm.taobao.org/react-is/download/react-is-16.13.1.tgz#789729a4dc36de2999dc156dd6c1d9c18cea56a4"
  integrity sha1-eJcppNw23imZ3BVt1sHZwYzqVqQ=

"react-is@^16.8.0 || ^17.0.0":
  version "17.0.2"
  resolved "https://registry.npm.taobao.org/react-is/download/react-is-17.0.2.tgz#e691d4a8e9c789365655539ab372762b0efb54f0"
  integrity sha1-5pHUqOnHiTZWVVOas3J2Kw77VPA=

react-transition-group@^4.4.0:
  version "4.4.1"
  resolved "https://registry.npm.taobao.org/react-transition-group/download/react-transition-group-4.4.1.tgz?cache=0&other_urls=https%3A%2F%2Fregistry.npm.taobao.org%2Freact-transition-group%2Fdownload%2Freact-transition-group-4.4.1.tgz#63868f9325a38ea5ee9535d828327f85773345c9"
  integrity sha1-Y4aPkyWjjqXulTXYKDJ/hXczRck=
  dependencies:
    "@babel/runtime" "^7.5.5"
    dom-helpers "^5.0.1"
    loose-envify "^1.4.0"
    prop-types "^15.6.2"

react@^17.0.2:
  version "17.0.2"
  resolved "https://registry.npm.taobao.org/react/download/react-17.0.2.tgz#d0b5cc516d29eb3eee383f75b62864cfb6800037"
  integrity sha1-0LXMUW0p6z7uOD91tihkz7aAADc=
  dependencies:
    loose-envify "^1.1.0"
    object-assign "^4.1.1"

regenerator-runtime@^0.13.4:
  version "0.13.7"
  resolved "https://registry.npm.taobao.org/regenerator-runtime/download/regenerator-runtime-0.13.7.tgz#cac2dacc8a1ea675feaabaeb8ae833898ae46f55"
  integrity sha1-ysLazIoepnX+qrrriugziYrkb1U=

requires-port@^1.0.0:
  version "1.0.0"
  resolved "https://registry.npm.taobao.org/requires-port/download/requires-port-1.0.0.tgz#925d2601d39ac485e091cf0da5c6e694dc3dcaff"
  integrity sha1-kl0mAdOaxIXgkc8NpcbmlNw9yv8=

symbol-observable@1.2.0:
  version "1.2.0"
  resolved "https://registry.npm.taobao.org/symbol-observable/download/symbol-observable-1.2.0.tgz?cache=0&sync_timestamp=1604337971792&other_urls=https%3A%2F%2Fregistry.npm.taobao.org%2Fsymbol-observable%2Fdownload%2Fsymbol-observable-1.2.0.tgz#c22688aed4eab3cdc2dfeacbb561660560a00804"
  integrity sha1-wiaIrtTqs83C3+rLtWFmBWCgCAQ=

tiny-warning@^1.0.2:
  version "1.0.3"
  resolved "https://registry.npm.taobao.org/tiny-warning/download/tiny-warning-1.0.3.tgz#94a30db453df4c643d0fd566060d60a875d84754"
  integrity sha1-lKMNtFPfTGQ9D9VmBg1gqHXYR1Q=

to-regex-range@^5.0.1:
  version "5.0.1"
  resolved "https://registry.npm.taobao.org/to-regex-range/download/to-regex-range-5.0.1.tgz#1648c44aae7c8d988a326018ed72f5b4dd0392e4"
  integrity sha1-FkjESq58jZiKMmAY7XL1tN0DkuQ=
  dependencies:
    is-number "^7.0.0"

void-elements@3.1.0:
  version "3.1.0"
  resolved "https://registry.npm.taobao.org/void-elements/download/void-elements-3.1.0.tgz#614f7fbf8d801f0bb5f0661f5b2f5785750e4f09"
  integrity sha1-YU9/v42AHwu18GYfWy9XhXUOTwk=
